<?xml version="1.0" encoding="utf-8"?>
<Project ToolsVersion="4.0" xmlns="http://schemas.microsoft.com/developer/msbuild/2003">
  <ItemGroup>
    <Filter Include="Source Files">
      <UniqueIdentifier>{4FC737F1-C7A5-4376-A066-2A32D752A2FF}</UniqueIdentifier>
      <Extensions>cpp;c;cc;cxx;c++;cppm;ixx;def;odl;idl;hpj;bat;asm;asmx</Extensions>
    </Filter>
    <Filter Include="Header Files">
      <UniqueIdentifier>{93995380-89BD-4b04-88EB-625FBE52EBFB}</UniqueIdentifier>
      <Extensions>h;hh;hpp;hxx;h++;hm;inl;inc;ipp;xsd</Extensions>
    </Filter>
    <Filter Include="Resource Files">
      <UniqueIdentifier>{67DA6AB6-F800-4c08-8B7A-83BB121AAD01}</UniqueIdentifier>
      <Extensions>rc;ico;cur;bmp;dlg;rc2;rct;bin;rgs;gif;jpg;jpeg;jpe;resx;tiff;tif;png;wav;mfcribbon-ms</Extensions>
    </Filter>
    <Filter Include="Header Files\include">
      <UniqueIdentifier>{97758482-500d-4bb7-8bc7-2efa0452b831}</UniqueIdentifier>
    </Filter>
    <Filter Include="Header Files\include\wlac4">
      <UniqueIdentifier>{73f916b7-e09a-4040-a94d-234776c41224}</UniqueIdentifier>
    </Filter>
    <Filter Include="Header Files\include\wlac4\linux">
      <UniqueIdentifier>{e012161e-f04e-4020-96fc-3413ba4a25ce}</UniqueIdentifier>
    </Filter>
    <Filter Include="Header Files\include\wlac4\redesigned">
      <UniqueIdentifier>{624f0849-096e-4dab-9172-a8666fff0c0d}</UniqueIdentifier>
    </Filter>
    <Filter Include="Header Files\src">
      <UniqueIdentifier>{1caeb25d-39a3-4b29-93d9-9e6a61acaec7}</UniqueIdentifier>
    </Filter>
    <Filter Include="Header Files\src\core">
      <UniqueIdentifier>{4fd31e00-5cc5-4c41-b5ac-81d418ba4022}</UniqueIdentifier>
    </Filter>
    <Filter Include="Header Files\src\core\wlac4">
      <UniqueIdentifier>{f5ee6992-105c-4939-b82c-5fdeee9a23f8}</UniqueIdentifier>
    </Filter>
  </ItemGroup>
  <ItemGroup>
    <ClCompile Include="..\..\..\src\core\wlac4\wlac4_empty.c">
      <Filter>Source Files</Filter>
    </ClCompile>
    <ClCompile Include="..\..\..\src\core\wlac4\wlac4_poll.c">
      <Filter>Source Files</Filter>
    </ClCompile>
    <ClCompile Include="..\..\..\src\core\wlac4\wlac4_pthread.c">
      <Filter>Source Files</Filter>
    </ClCompile>
    <ClCompile Include="..\..\..\src\core\wlac4\wlac4_redesigned_string.c">
      <Filter>Source Files</Filter>
    </ClCompile>
    <ClCompile Include="..\..\..\src\core\wlac4\wlac4_stdatomic.c">
      <Filter>Source Files</Filter>
    </ClCompile>
    <ClCompile Include="..\..\..\src\core\wlac4\wlac4_entry_point.c">
      <Filter>Source Files</Filter>
    </ClCompile>
  </ItemGroup>
  <ItemGroup>
    <ClInclude Include="..\..\..\include\wlac4\getopt.h">
      <Filter>Header Files\include\wlac4</Filter>
    </ClInclude>
    <ClInclude Include="..\..\..\include\wlac4\poll.h">
      <Filter>Header Files\include\wlac4</Filter>
    </ClInclude>
    <ClInclude Include="..\..\..\include\wlac4\pthread.h">
      <Filter>Header Files\include\wlac4</Filter>
    </ClInclude>
    <ClInclude Include="..\..\..\include\wlac4\stdatomic.h">
      <Filter>Header Files\include\wlac4</Filter>
    </ClInclude>
    <ClInclude Include="..\..\..\include\wlac4\syslog.h">
      <Filter>Header Files\include\wlac4</Filter>
    </ClInclude>
    <ClInclude Include="..\..\..\include\wlac4\wlac4_internal_header.h">
      <Filter>Header Files\include\wlac4</Filter>
    </ClInclude>
    <ClInclude Include="..\..\..\include\wlac4\linux\limits.h">
      <Filter>Header Files\include\wlac4\linux</Filter>
    </ClInclude>
    <ClInclude Include="..\..\..\include\wlac4\redesigned\stdio.h">
      <Filter>Header Files\include\wlac4\redesigned</Filter>
    </ClInclude>
    <ClInclude Include="..\..\..\include\wlac4\redesigned\string.h">
      <Filter>Header Files\include\wlac4\redesigned</Filter>
    </ClInclude>
    <ClInclude Include="..\..\..\include\wlac4\redesigned\time.h">
      <Filter>Header Files\include\wlac4\redesigned</Filter>
    </ClInclude>
    <ClInclude Include="..\..\..\include\wlac4\wlac4_exports.h">
      <Filter>Header Files\include\wlac4</Filter>
    </ClInclude>
    <ClInclude Include="..\..\..\src\core\wlac4\wlac4_private_data.h">
      <Filter>Header Files\src\core\wlac4</Filter>
    </ClInclude>
    <ClInclude Include="..\..\..\include\wlac4\wlac4_internal_header_base.h">
      <Filter>Header Files\include\wlac4</Filter>
    </ClInclude>
  </ItemGroup>
</Project>